{
  "version": "5",
  "specifiers": {
    "jsr:@std/fs@*": "1.0.17",
    "jsr:@std/fs@^1.0.18": "1.0.18",
    "jsr:@std/path@*": "1.1.0",
    "jsr:@std/path@^1.0.9": "1.1.0",
    "jsr:@std/path@^1.1.0": "1.1.0",
    "npm:@atproto/lexicon@~0.4.11": "0.4.11",
    "npm:@atproto/syntax@0.4": "0.4.0",
    "npm:@types/node@*": "22.15.15",
    "npm:chalk@^4.1.2": "4.1.2",
    "npm:commander@^9.4.0": "9.5.0",
    "npm:prettier@^3.2.5": "3.5.3",
    "npm:ts-morph@24": "24.0.0",
    "npm:yesno@0.4": "0.4.0",
    "npm:zod@^3.23.8": "3.25.55"
  },
  "jsr": {
    "@std/fs@1.0.17": {
      "integrity": "1c00c632677c1158988ef7a004cb16137f870aafdb8163b9dce86ec652f3952b",
      "dependencies": [
        "jsr:@std/path@^1.0.9"
      ]
    },
    "@std/fs@1.0.18": {
      "integrity": "24bcad99eab1af4fde75e05da6e9ed0e0dce5edb71b7e34baacf86ffe3969f3a",
      "dependencies": [
        "jsr:@std/path@^1.1.0"
      ]
    },
    "@std/path@1.1.0": {
      "integrity": "ddc94f8e3c275627281cbc23341df6b8bcc874d70374f75fec2533521e3d6886"
    }
  },
  "npm": {
    "@atproto/common-web@0.4.2": {
      "integrity": "sha512-vrXwGNoFGogodjQvJDxAeP3QbGtawgZute2ed1XdRO0wMixLk3qewtikZm06H259QDJVu6voKC5mubml+WgQUw==",
      "dependencies": [
        "graphemer",
        "multiformats",
        "uint8arrays",
        "zod"
      ]
    },
    "@atproto/lexicon@0.4.11": {
      "integrity": "sha512-btefdnvNz2Ao2I+qbmj0F06HC8IlrM/IBz6qOBS50r0S6uDf5tOO+Mv2tSVdimFkdzyDdLtBI1sV36ONxz2cOw==",
      "dependencies": [
        "@atproto/common-web",
        "@atproto/syntax",
        "iso-datestring-validator",
        "multiformats",
        "zod"
      ]
    },
    "@atproto/syntax@0.4.0": {
      "integrity": "sha512-b9y5ceHS8YKOfP3mdKmwAx5yVj9294UN7FG2XzP6V5aKUdFazEYRnR9m5n5ZQFKa3GNvz7de9guZCJ/sUTcOAA=="
    },
    "@ts-morph/common@0.25.0": {
      "integrity": "sha512-kMnZz+vGGHi4GoHnLmMhGNjm44kGtKUXGnOvrKmMwAuvNjM/PgKVGfUnL7IDvK7Jb2QQ82jq3Zmp04Gy+r3Dkg==",
      "dependencies": [
        "minimatch",
        "path-browserify",
        "tinyglobby"
      ]
    },
    "@types/node@22.15.15": {
      "integrity": "sha512-R5muMcZob3/Jjchn5LcO8jdKwSCbzqmPB6ruBxMcf9kbxtniZHP327s6C37iOfuw8mbKK3cAQa7sEl7afLrQ8A==",
      "dependencies": [
        "undici-types"
      ]
    },
    "ansi-styles@4.3.0": {
      "integrity": "sha512-zbB9rCJAT1rbjiVDb2hqKFHNYLxgtk8NURxZ3IZwD3F6NtxbXZQCnnSi1Lkx+IDohdPlFp222wVALIheZJQSEg==",
      "dependencies": [
        "color-convert"
      ]
    },
    "balanced-match@1.0.2": {
      "integrity": "sha512-3oSeUO0TMV67hN1AmbXsK4yaqU7tjiHlbxRDZOpH0KW9+CeX4bRAaX0Anxt0tx2MrpRpWwQaPwIlISEJhYU5Pw=="
    },
    "brace-expansion@2.0.1": {
      "integrity": "sha512-XnAIvQ8eM+kC6aULx6wuQiwVsnzsi9d3WxzV3FpWTGA19F621kwdbsAcFKXgKUHZWsy+mY6iL1sHTxWEFCytDA==",
      "dependencies": [
        "balanced-match"
      ]
    },
    "chalk@4.1.2": {
      "integrity": "sha512-oKnbhFyRIXpUuez8iBMmyEa4nbj4IOQyuhc/wy9kY7/WVPcwIO9VA668Pu8RkO7+0G76SLROeyw9CpQ061i4mA==",
      "dependencies": [
        "ansi-styles",
        "supports-color"
      ]
    },
    "code-block-writer@13.0.3": {
      "integrity": "sha512-Oofo0pq3IKnsFtuHqSF7TqBfr71aeyZDVJ0HpmqB7FBM2qEigL0iPONSCZSO9pE9dZTAxANe5XHG9Uy0YMv8cg=="
    },
    "color-convert@2.0.1": {
      "integrity": "sha512-RRECPsj7iu/xb5oKYcsFHSppFNnsj/52OVTRKb4zP5onXwVF3zVmmToNcOfGC+CRDpfK/U584fMg38ZHCaElKQ==",
      "dependencies": [
        "color-name"
      ]
    },
    "color-name@1.1.4": {
      "integrity": "sha512-dOy+3AuW3a2wNbZHIuMZpTcgjGuLU/uBL/ubcZF9OXbDo8ff4O8yVp5Bf0efS8uEoYo5q4Fx7dY9OgQGXgAsQA=="
    },
    "commander@9.5.0": {
      "integrity": "sha512-KRs7WVDKg86PWiuAqhDrAQnTXZKraVcCc6vFdL14qrZ/DcWwuRo7VoiYXalXO7S5GKpqYiVEwCbgFDfxNHKJBQ=="
    },
    "fdir@6.4.5_picomatch@4.0.2": {
      "integrity": "sha512-4BG7puHpVsIYxZUbiUE3RqGloLaSSwzYie5jvasC4LWuBWzZawynvYouhjbQKw2JuIGYdm0DzIxl8iVidKlUEw==",
      "dependencies": [
        "picomatch"
      ],
      "optionalPeers": [
        "picomatch"
      ]
    },
    "graphemer@1.4.0": {
      "integrity": "sha512-EtKwoO6kxCL9WO5xipiHTZlSzBm7WLT627TqC/uVRd0HKmq8NXyebnNYxDoBi7wt8eTWrUrKXCOVaFq9x1kgag=="
    },
    "has-flag@4.0.0": {
      "integrity": "sha512-EykJT/Q1KjTWctppgIAgfSO0tKVuZUjhgMr17kqTumMl6Afv3EISleU7qZUzoXDFTAHTDC4NOoG/ZxU3EvlMPQ=="
    },
    "iso-datestring-validator@2.2.2": {
      "integrity": "sha512-yLEMkBbLZTlVQqOnQ4FiMujR6T4DEcCb1xizmvXS+OxuhwcbtynoosRzdMA69zZCShCNAbi+gJ71FxZBBXx1SA=="
    },
    "minimatch@9.0.5": {
      "integrity": "sha512-G6T0ZX48xgozx7587koeX9Ys2NYy6Gmv//P89sEte9V9whIapMNF4idKxnW2QtCcLiTWlb/wfCabAtAFWhhBow==",
      "dependencies": [
        "brace-expansion"
      ]
    },
    "multiformats@9.9.0": {
      "integrity": "sha512-HoMUjhH9T8DDBNT+6xzkrd9ga/XiBI4xLr58LJACwK6G3HTOPeMz4nB4KJs33L2BelrIJa7P0VuNaVF3hMYfjg=="
    },
    "path-browserify@1.0.1": {
      "integrity": "sha512-b7uo2UCUOYZcnF/3ID0lulOJi/bafxa1xPe7ZPsammBSpjSWQkjNxlt635YGS2MiR9GjvuXCtz2emr3jbsz98g=="
    },
    "picomatch@4.0.2": {
      "integrity": "sha512-M7BAV6Rlcy5u+m6oPhAPFgJTzAioX/6B0DxyvDlo9l8+T3nLKbrczg2WLUyzd45L8RqfUMyGPzekbMvX2Ldkwg=="
    },
    "prettier@3.5.3": {
      "integrity": "sha512-QQtaxnoDJeAkDvDKWCLiwIXkTgRhwYDEQCghU9Z6q03iyek/rxRh/2lC3HB7P8sWT2xC/y5JDctPLBIGzHKbhw==",
      "bin": true
    },
    "supports-color@7.2.0": {
      "integrity": "sha512-qpCAvRl9stuOHveKsn7HncJRvv501qIacKzQlO/+Lwxc9+0q2wLyv4Dfvt80/DPn2pqOBsJdDiogXGR9+OvwRw==",
      "dependencies": [
        "has-flag"
      ]
    },
    "tinyglobby@0.2.14_picomatch@4.0.2": {
      "integrity": "sha512-tX5e7OM1HnYr2+a2C/4V0htOcSQcoSTH9KgJnVvNm5zm/cyEWKJ7j7YutsH9CxMdtOkkLFy2AHrMci9IM8IPZQ==",
      "dependencies": [
        "fdir",
        "picomatch"
      ]
    },
    "ts-morph@24.0.0": {
      "integrity": "sha512-2OAOg/Ob5yx9Et7ZX4CvTCc0UFoZHwLEJ+dpDPSUi5TgwwlTlX47w+iFRrEwzUZwYACjq83cgjS/Da50Ga37uw==",
      "dependencies": [
        "@ts-morph/common",
        "code-block-writer"
      ]
    },
    "uint8arrays@3.0.0": {
      "integrity": "sha512-HRCx0q6O9Bfbp+HHSfQQKD7wU70+lydKVt4EghkdOvlK/NlrF90z+eXV34mUd48rNvVJXwkrMSPpCATkct8fJA==",
      "dependencies": [
        "multiformats"
      ]
    },
    "undici-types@6.21.0": {
      "integrity": "sha512-iwDZqg0QAGrg9Rav5H4n0M64c3mkR59cJ6wQp+7C4nI0gsmExaedaYLNO44eT4AtBBwjbTiGPMlt2Md0T9H9JQ=="
    },
    "yesno@0.4.0": {
      "integrity": "sha512-tdBxmHvbXPBKYIg81bMCB7bVeDmHkRzk5rVJyYYXurwKkHq/MCd8rz4HSJUP7hW0H2NlXiq8IFiWvYKEHhlotA=="
    },
    "zod@3.25.55": {
      "integrity": "sha512-219huNnkSLQnLsQ3uaRjXsxMrVm5C9W3OOpEVt2k5tvMKuA8nBSu38e0B//a+he9Iq2dvmk2VyYVlHqiHa4YBA=="
    }
  },
  "workspace": {
    "dependencies": [
      "jsr:@std/fs@^1.0.18",
      "jsr:@std/path@^1.1.0",
      "npm:@atproto/lexicon@~0.4.11",
      "npm:@atproto/syntax@0.4",
      "npm:chalk@^4.1.2",
      "npm:commander@^9.4.0",
      "npm:prettier@^3.2.5",
      "npm:ts-morph@24",
      "npm:yesno@0.4",
      "npm:zod@^3.23.8"
    ]
  }
}
